
Microsoft Visual Studio Solution File, Format Version 12.00
# Visual Studio Version 17
VisualStudioVersion = 17.8.34525.116
MinimumVisualStudioVersion = 10.0.40219.1
Project("{9A19103F-16F7-4668-BE54-9A1E7A4F7556}") = "RainWorldSaveEditor", "RainWorldSaveEditor\RainWorldSaveEditor.csproj", "{B0F06524-04BD-464E-8B81-64699F4B52E8}"
EndProject
Project("{2150E333-8FDC-42A3-9474-1A3956D46DE8}") = "Documentation", "Documentation", "{1792F0EC-D5B1-4D62-B049-56BEC1C29743}"
	ProjectSection(SolutionItems) = preProject
		Documentation\ModSaveData.md = Documentation\ModSaveData.md
	EndProjectSection
EndProject
Project("{FAE04EC0-301F-11D3-BF4B-00C04F79EFBC}") = "RainWorldSaveAPI", "RainWorldSaveAPI\RainWorldSaveAPI.csproj", "{08B56913-43A6-4B69-A91E-FB69ECC25B56}"
EndProject
Global
	GlobalSection(SolutionConfigurationPlatforms) = preSolution
		Debug|Any CPU = Debug|Any CPU
		Release|Any CPU = Release|Any CPU
	EndGlobalSection
	GlobalSection(ProjectConfigurationPlatforms) = postSolution
		{B0F06524-04BD-464E-8B81-64699F4B52E8}.Debug|Any CPU.ActiveCfg = Debug|Any CPU
		{B0F06524-04BD-464E-8B81-64699F4B52E8}.Debug|Any CPU.Build.0 = Debug|Any CPU
		{B0F06524-04BD-464E-8B81-64699F4B52E8}.Release|Any CPU.ActiveCfg = Release|Any CPU
		{B0F06524-04BD-464E-8B81-64699F4B52E8}.Release|Any CPU.Build.0 = Release|Any CPU
		{08B56913-43A6-4B69-A91E-FB69ECC25B56}.Debug|Any CPU.ActiveCfg = Debug|Any CPU
		{08B56913-43A6-4B69-A91E-FB69ECC25B56}.Debug|Any CPU.Build.0 = Debug|Any CPU
		{08B56913-43A6-4B69-A91E-FB69ECC25B56}.Release|Any CPU.ActiveCfg = Release|Any CPU
		{08B56913-43A6-4B69-A91E-FB69ECC25B56}.Release|Any CPU.Build.0 = Release|Any CPU
	EndGlobalSection
	GlobalSection(SolutionProperties) = preSolution
		HideSolutionNode = FALSE
	EndGlobalSection
	GlobalSection(ExtensibilityGlobals) = postSolution
		SolutionGuid = {F80CA936-7000-4473-8ACC-C8F874780BB5}
	EndGlobalSection
EndGlobal
